// !$*UTF8*$!
{
	archiveVersion = 1;
	classes = {
	};
	objectVersion = 55;
	objects = {

/* Begin PBXBuildFile section */
		ED301A73281AE0860032B7C2 /* Tests_iOS.swift in Sources */ = {isa = PBXBuildFile; fileRef = ED301A72281AE0860032B7C2 /* Tests_iOS.swift */; };
		ED301A75281AE0860032B7C2 /* Tests_iOSLaunchTests.swift in Sources */ = {isa = PBXBuildFile; fileRef = ED301A74281AE0860032B7C2 /* Tests_iOSLaunchTests.swift */; };
		ED301A7F281AE0860032B7C2 /* Tests_macOS.swift in Sources */ = {isa = PBXBuildFile; fileRef = ED301A7E281AE0860032B7C2 /* Tests_macOS.swift */; };
		ED301A81281AE0860032B7C2 /* Tests_macOSLaunchTests.swift in Sources */ = {isa = PBXBuildFile; fileRef = ED301A80281AE0860032B7C2 /* Tests_macOSLaunchTests.swift */; };
		ED301A82281AE0860032B7C2 /* StoryUIApp.swift in Sources */ = {isa = PBXBuildFile; fileRef = ED301A5A281AE0840032B7C2 /* StoryUIApp.swift */; };
		ED301A83281AE0860032B7C2 /* StoryUIApp.swift in Sources */ = {isa = PBXBuildFile; fileRef = ED301A5A281AE0840032B7C2 /* StoryUIApp.swift */; };
		ED301A84281AE0860032B7C2 /* ContentView.swift in Sources */ = {isa = PBXBuildFile; fileRef = ED301A5B281AE0840032B7C2 /* ContentView.swift */; };
		ED301A85281AE0860032B7C2 /* ContentView.swift in Sources */ = {isa = PBXBuildFile; fileRef = ED301A5B281AE0840032B7C2 /* ContentView.swift */; };
		ED301A86281AE0860032B7C2 /* Assets.xcassets in Resources */ = {isa = PBXBuildFile; fileRef = ED301A5C281AE0860032B7C2 /* Assets.xcassets */; };
		ED301A87281AE0860032B7C2 /* Assets.xcassets in Resources */ = {isa = PBXBuildFile; fileRef = ED301A5C281AE0860032B7C2 /* Assets.xcassets */; };
		ED301A98281AE0AB0032B7C2 /* StoryViewModel.swift in Sources */ = {isa = PBXBuildFile; fileRef = ED301A97281AE0AB0032B7C2 /* StoryViewModel.swift */; };
		ED301A9C281AE1830032B7C2 /* StoryUIUser.swift in Sources */ = {isa = PBXBuildFile; fileRef = ED301A99281AE1830032B7C2 /* StoryUIUser.swift */; };
		ED301A9D281AE1830032B7C2 /* StoryUIMedia.swift in Sources */ = {isa = PBXBuildFile; fileRef = ED301A9A281AE1830032B7C2 /* StoryUIMedia.swift */; };
		ED301A9E281AE1830032B7C2 /* StoryUIPost.swift in Sources */ = {isa = PBXBuildFile; fileRef = ED301A9B281AE1830032B7C2 /* StoryUIPost.swift */; };
		ED301AA1281AE1AA0032B7C2 /* Enums.swift in Sources */ = {isa = PBXBuildFile; fileRef = ED301AA0281AE1AA0032B7C2 /* Enums.swift */; };
		ED301AA7281AE25C0032B7C2 /* StoryView.swift in Sources */ = {isa = PBXBuildFile; fileRef = ED301AA6281AE25C0032B7C2 /* StoryView.swift */; };
/* End PBXBuildFile section */

/* Begin PBXContainerItemProxy section */
		ED301A6F281AE0860032B7C2 /* PBXContainerItemProxy */ = {
			isa = PBXContainerItemProxy;
			containerPortal = ED301A55281AE0840032B7C2 /* Project object */;
			proxyType = 1;
			remoteGlobalIDString = ED301A60281AE0860032B7C2;
			remoteInfo = "StoryUI (iOS)";
		};
		ED301A7B281AE0860032B7C2 /* PBXContainerItemProxy */ = {
			isa = PBXContainerItemProxy;
			containerPortal = ED301A55281AE0840032B7C2 /* Project object */;
			proxyType = 1;
			remoteGlobalIDString = ED301A66281AE0860032B7C2;
			remoteInfo = "StoryUI (macOS)";
		};
/* End PBXContainerItemProxy section */

/* Begin PBXFileReference section */
		ED301A5A281AE0840032B7C2 /* StoryUIApp.swift */ = {isa = PBXFileReference; lastKnownFileType = sourcecode.swift; path = StoryUIApp.swift; sourceTree = "<group>"; };
		ED301A5B281AE0840032B7C2 /* ContentView.swift */ = {isa = PBXFileReference; lastKnownFileType = sourcecode.swift; path = ContentView.swift; sourceTree = "<group>"; };
		ED301A5C281AE0860032B7C2 /* Assets.xcassets */ = {isa = PBXFileReference; lastKnownFileType = folder.assetcatalog; path = Assets.xcassets; sourceTree = "<group>"; };
		ED301A61281AE0860032B7C2 /* StoryUI.app */ = {isa = PBXFileReference; explicitFileType = wrapper.application; includeInIndex = 0; path = StoryUI.app; sourceTree = BUILT_PRODUCTS_DIR; };
		ED301A67281AE0860032B7C2 /* StoryUI.app */ = {isa = PBXFileReference; explicitFileType = wrapper.application; includeInIndex = 0; path = StoryUI.app; sourceTree = BUILT_PRODUCTS_DIR; };
		ED301A69281AE0860032B7C2 /* macOS.entitlements */ = {isa = PBXFileReference; lastKnownFileType = text.plist.entitlements; path = macOS.entitlements; sourceTree = "<group>"; };
		ED301A6E281AE0860032B7C2 /* Tests iOS.xctest */ = {isa = PBXFileReference; explicitFileType = wrapper.cfbundle; includeInIndex = 0; path = "Tests iOS.xctest"; sourceTree = BUILT_PRODUCTS_DIR; };
		ED301A72281AE0860032B7C2 /* Tests_iOS.swift */ = {isa = PBXFileReference; lastKnownFileType = sourcecode.swift; path = Tests_iOS.swift; sourceTree = "<group>"; };
		ED301A74281AE0860032B7C2 /* Tests_iOSLaunchTests.swift */ = {isa = PBXFileReference; lastKnownFileType = sourcecode.swift; path = Tests_iOSLaunchTests.swift; sourceTree = "<group>"; };
		ED301A7A281AE0860032B7C2 /* Tests macOS.xctest */ = {isa = PBXFileReference; explicitFileType = wrapper.cfbundle; includeInIndex = 0; path = "Tests macOS.xctest"; sourceTree = BUILT_PRODUCTS_DIR; };
		ED301A7E281AE0860032B7C2 /* Tests_macOS.swift */ = {isa = PBXFileReference; lastKnownFileType = sourcecode.swift; path = Tests_macOS.swift; sourceTree = "<group>"; };
		ED301A80281AE0860032B7C2 /* Tests_macOSLaunchTests.swift */ = {isa = PBXFileReference; lastKnownFileType = sourcecode.swift; path = Tests_macOSLaunchTests.swift; sourceTree = "<group>"; };
		ED301A97281AE0AB0032B7C2 /* StoryViewModel.swift */ = {isa = PBXFileReference; lastKnownFileType = sourcecode.swift; path = StoryViewModel.swift; sourceTree = "<group>"; };
		ED301A99281AE1830032B7C2 /* StoryUIUser.swift */ = {isa = PBXFileReference; fileEncoding = 4; lastKnownFileType = sourcecode.swift; path = StoryUIUser.swift; sourceTree = "<group>"; };
		ED301A9A281AE1830032B7C2 /* StoryUIMedia.swift */ = {isa = PBXFileReference; fileEncoding = 4; lastKnownFileType = sourcecode.swift; path = StoryUIMedia.swift; sourceTree = "<group>"; };
		ED301A9B281AE1830032B7C2 /* StoryUIPost.swift */ = {isa = PBXFileReference; fileEncoding = 4; lastKnownFileType = sourcecode.swift; path = StoryUIPost.swift; sourceTree = "<group>"; };
		ED301AA0281AE1AA0032B7C2 /* Enums.swift */ = {isa = PBXFileReference; fileEncoding = 4; lastKnownFileType = sourcecode.swift; path = Enums.swift; sourceTree = "<group>"; };
		ED301AA6281AE25C0032B7C2 /* StoryView.swift */ = {isa = PBXFileReference; lastKnownFileType = sourcecode.swift; path = StoryView.swift; sourceTree = "<group>"; };
/* End PBXFileReference section */

/* Begin PBXFrameworksBuildPhase section */
		ED301A5E281AE0860032B7C2 /* Frameworks */ = {
			isa = PBXFrameworksBuildPhase;
			buildActionMask = 2147483647;
			files = (
			);
			runOnlyForDeploymentPostprocessing = 0;
		};
		ED301A64281AE0860032B7C2 /* Frameworks */ = {
			isa = PBXFrameworksBuildPhase;
			buildActionMask = 2147483647;
			files = (
			);
			runOnlyForDeploymentPostprocessing = 0;
		};
		ED301A6B281AE0860032B7C2 /* Frameworks */ = {
			isa = PBXFrameworksBuildPhase;
			buildActionMask = 2147483647;
			files = (
			);
			runOnlyForDeploymentPostprocessing = 0;
		};
		ED301A77281AE0860032B7C2 /* Frameworks */ = {
			isa = PBXFrameworksBuildPhase;
			buildActionMask = 2147483647;
			files = (
			);
			runOnlyForDeploymentPostprocessing = 0;
		};
/* End PBXFrameworksBuildPhase section */

/* Begin PBXGroup section */
		ED301A54281AE0840032B7C2 = {
			isa = PBXGroup;
			children = (
				ED301A59281AE0840032B7C2 /* Shared */,
				ED301A68281AE0860032B7C2 /* macOS */,
				ED301A71281AE0860032B7C2 /* Tests iOS */,
				ED301A7D281AE0860032B7C2 /* Tests macOS */,
				ED301A62281AE0860032B7C2 /* Products */,
			);
			sourceTree = "<group>";
		};
		ED301A59281AE0840032B7C2 /* Shared */ = {
			isa = PBXGroup;
			children = (
				ED301AA2281AE1B20032B7C2 /* Helper */,
				ED301A9F281AE1890032B7C2 /* Model */,
				ED301A96281AE09B0032B7C2 /* ViewModel */,
				ED301AA3281AE2450032B7C2 /* View */,
				ED301A5A281AE0840032B7C2 /* StoryUIApp.swift */,
				ED301A5B281AE0840032B7C2 /* ContentView.swift */,
				ED301A5C281AE0860032B7C2 /* Assets.xcassets */,
			);
			path = Shared;
			sourceTree = "<group>";
		};
		ED301A62281AE0860032B7C2 /* Products */ = {
			isa = PBXGroup;
			children = (
				ED301A61281AE0860032B7C2 /* StoryUI.app */,
				ED301A67281AE0860032B7C2 /* StoryUI.app */,
				ED301A6E281AE0860032B7C2 /* Tests iOS.xctest */,
				ED301A7A281AE0860032B7C2 /* Tests macOS.xctest */,
			);
			name = Products;
			sourceTree = "<group>";
		};
		ED301A68281AE0860032B7C2 /* macOS */ = {
			isa = PBXGroup;
			children = (
				ED301A69281AE0860032B7C2 /* macOS.entitlements */,
			);
			path = macOS;
			sourceTree = "<group>";
		};
		ED301A71281AE0860032B7C2 /* Tests iOS */ = {
			isa = PBXGroup;
			children = (
				ED301A72281AE0860032B7C2 /* Tests_iOS.swift */,
				ED301A74281AE0860032B7C2 /* Tests_iOSLaunchTests.swift */,
			);
			path = "Tests iOS";
			sourceTree = "<group>";
		};
		ED301A7D281AE0860032B7C2 /* Tests macOS */ = {
			isa = PBXGroup;
			children = (
				ED301A7E281AE0860032B7C2 /* Tests_macOS.swift */,
				ED301A80281AE0860032B7C2 /* Tests_macOSLaunchTests.swift */,
			);
			path = "Tests macOS";
			sourceTree = "<group>";
		};
		ED301A96281AE09B0032B7C2 /* ViewModel */ = {
			isa = PBXGroup;
			children = (
				ED301A97281AE0AB0032B7C2 /* StoryViewModel.swift */,
			);
			path = ViewModel;
			sourceTree = "<group>";
		};
		ED301A9F281AE1890032B7C2 /* Model */ = {
			isa = PBXGroup;
			children = (
				ED301A9A281AE1830032B7C2 /* StoryUIMedia.swift */,
				ED301A9B281AE1830032B7C2 /* StoryUIPost.swift */,
				ED301A99281AE1830032B7C2 /* StoryUIUser.swift */,
			);
			path = Model;
			sourceTree = "<group>";
		};
		ED301AA2281AE1B20032B7C2 /* Helper */ = {
			isa = PBXGroup;
			children = (
				ED301AA0281AE1AA0032B7C2 /* Enums.swift */,
			);
			path = Helper;
			sourceTree = "<group>";
		};
		ED301AA3281AE2450032B7C2 /* View */ = {
			isa = PBXGroup;
			children = (
				ED301AA6281AE25C0032B7C2 /* StoryView.swift */,
			);
			path = View;
			sourceTree = "<group>";
		};
/* End PBXGroup section */

/* Begin PBXNativeTarget section */
		ED301A60281AE0860032B7C2 /* StoryUI (iOS) */ = {
			isa = PBXNativeTarget;
			buildConfigurationList = ED301A8A281AE0860032B7C2 /* Build configuration list for PBXNativeTarget "StoryUI (iOS)" */;
			buildPhases = (
				ED301A5D281AE0860032B7C2 /* Sources */,
				ED301A5E281AE0860032B7C2 /* Frameworks */,
				ED301A5F281AE0860032B7C2 /* Resources */,
			);
			buildRules = (
			);
			dependencies = (
			);
			name = "StoryUI (iOS)";
			productName = "StoryUI (iOS)";
			productReference = ED301A61281AE0860032B7C2 /* StoryUI.app */;
			productType = "com.apple.product-type.application";
		};
		ED301A66281AE0860032B7C2 /* StoryUI (macOS) */ = {
			isa = PBXNativeTarget;
			buildConfigurationList = ED301A8D281AE0860032B7C2 /* Build configuration list for PBXNativeTarget "StoryUI (macOS)" */;
			buildPhases = (
				ED301A63281AE0860032B7C2 /* Sources */,
				ED301A64281AE0860032B7C2 /* Frameworks */,
				ED301A65281AE0860032B7C2 /* Resources */,
			);
			buildRules = (
			);
			dependencies = (
			);
			name = "StoryUI (macOS)";
			productName = "StoryUI (macOS)";
			productReference = ED301A67281AE0860032B7C2 /* StoryUI.app */;
			productType = "com.apple.product-type.application";
		};
		ED301A6D281AE0860032B7C2 /* Tests iOS */ = {
			isa = PBXNativeTarget;
			buildConfigurationList = ED301A90281AE0860032B7C2 /* Build configuration list for PBXNativeTarget "Tests iOS" */;
			buildPhases = (
				ED301A6A281AE0860032B7C2 /* Sources */,
				ED301A6B281AE0860032B7C2 /* Frameworks */,
				ED301A6C281AE0860032B7C2 /* Resources */,
			);
			buildRules = (
			);
			dependencies = (
				ED301A70281AE0860032B7C2 /* PBXTargetDependency */,
			);
			name = "Tests iOS";
			productName = "Tests iOS";
			productReference = ED301A6E281AE0860032B7C2 /* Tests iOS.xctest */;
			productType = "com.apple.product-type.bundle.ui-testing";
		};
		ED301A79281AE0860032B7C2 /* Tests macOS */ = {
			isa = PBXNativeTarget;
			buildConfigurationList = ED301A93281AE0860032B7C2 /* Build configuration list for PBXNativeTarget "Tests macOS" */;
			buildPhases = (
				ED301A76281AE0860032B7C2 /* Sources */,
				ED301A77281AE0860032B7C2 /* Frameworks */,
				ED301A78281AE0860032B7C2 /* Resources */,
			);
			buildRules = (
			);
			dependencies = (
				ED301A7C281AE0860032B7C2 /* PBXTargetDependency */,
			);
			name = "Tests macOS";
			productName = "Tests macOS";
			productReference = ED301A7A281AE0860032B7C2 /* Tests macOS.xctest */;
			productType = "com.apple.product-type.bundle.ui-testing";
		};
/* End PBXNativeTarget section */

/* Begin PBXProject section */
		ED301A55281AE0840032B7C2 /* Project object */ = {
			isa = PBXProject;
			attributes = {
				BuildIndependentTargetsInParallel = 1;
				LastSwiftUpdateCheck = 1330;
				LastUpgradeCheck = 1330;
				TargetAttributes = {
					ED301A60281AE0860032B7C2 = {
						CreatedOnToolsVersion = 13.3;
					};
					ED301A66281AE0860032B7C2 = {
						CreatedOnToolsVersion = 13.3;
					};
					ED301A6D281AE0860032B7C2 = {
						CreatedOnToolsVersion = 13.3;
						TestTargetID = ED301A60281AE0860032B7C2;
					};
					ED301A79281AE0860032B7C2 = {
						CreatedOnToolsVersion = 13.3;
						TestTargetID = ED301A66281AE0860032B7C2;
					};
				};
			};
			buildConfigurationList = ED301A58281AE0840032B7C2 /* Build configuration list for PBXProject "StoryUI" */;
			compatibilityVersion = "Xcode 13.0";
			developmentRegion = en;
			hasScannedForEncodings = 0;
			knownRegions = (
				en,
				Base,
			);
			mainGroup = ED301A54281AE0840032B7C2;
			productRefGroup = ED301A62281AE0860032B7C2 /* Products */;
			projectDirPath = "";
			projectRoot = "";
			targets = (
				ED301A60281AE0860032B7C2 /* StoryUI (iOS) */,
				ED301A66281AE0860032B7C2 /* StoryUI (macOS) */,
				ED301A6D281AE0860032B7C2 /* Tests iOS */,
				ED301A79281AE0860032B7C2 /* Tests macOS */,
			);
		};
/* End PBXProject section */

/* Begin PBXResourcesBuildPhase section */
		ED301A5F281AE0860032B7C2 /* Resources */ = {
			isa = PBXResourcesBuildPhase;
			buildActionMask = 2147483647;
			files = (
				ED301A86281AE0860032B7C2 /* Assets.xcassets in Resources */,
			);
			runOnlyForDeploymentPostprocessing = 0;
		};
		ED301A65281AE0860032B7C2 /* Resources */ = {
			isa = PBXResourcesBuildPhase;
			buildActionMask = 2147483647;
			files = (
				ED301A87281AE0860032B7C2 /* Assets.xcassets in Resources */,
			);
			runOnlyForDeploymentPostprocessing = 0;
		};
		ED301A6C281AE0860032B7C2 /* Resources */ = {
			isa = PBXResourcesBuildPhase;
			buildActionMask = 2147483647;
			files = (
			);
			runOnlyForDeploymentPostprocessing = 0;
		};
		ED301A78281AE0860032B7C2 /* Resources */ = {
			isa = PBXResourcesBuildPhase;
			buildActionMask = 2147483647;
			files = (
			);
			runOnlyForDeploymentPostprocessing = 0;
		};
/* End PBXResourcesBuildPhase section */

/* Begin PBXSourcesBuildPhase section */
		ED301A5D281AE0860032B7C2 /* Sources */ = {
			isa = PBXSourcesBuildPhase;
			buildActionMask = 2147483647;
			files = (
				ED301A98281AE0AB0032B7C2 /* StoryViewModel.swift in Sources */,
				ED301A9E281AE1830032B7C2 /* StoryUIPost.swift in Sources */,
				ED301A84281AE0860032B7C2 /* ContentView.swift in Sources */,
				ED301A9C281AE1830032B7C2 /* StoryUIUser.swift in Sources */,
				ED301AA1281AE1AA0032B7C2 /* Enums.swift in Sources */,
				ED301A9D281AE1830032B7C2 /* StoryUIMedia.swift in Sources */,
				ED301AA7281AE25C0032B7C2 /* StoryView.swift in Sources */,
				ED301A82281AE0860032B7C2 /* StoryUIApp.swift in Sources */,
			);
			runOnlyForDeploymentPostprocessing = 0;
		};
		ED301A63281AE0860032B7C2 /* Sources */ = {
			isa = PBXSourcesBuildPhase;
			buildActionMask = 2147483647;
			files = (
				ED301A85281AE0860032B7C2 /* ContentView.swift in Sources */,
				ED301A83281AE0860032B7C2 /* StoryUIApp.swift in Sources */,
			);
			runOnlyForDeploymentPostprocessing = 0;
		};
		ED301A6A281AE0860032B7C2 /* Sources */ = {
			isa = PBXSourcesBuildPhase;
			buildActionMask = 2147483647;
			files = (
				ED301A75281AE0860032B7C2 /* Tests_iOSLaunchTests.swift in Sources */,
				ED301A73281AE0860032B7C2 /* Tests_iOS.swift in Sources */,
			);
			runOnlyForDeploymentPostprocessing = 0;
		};
		ED301A76281AE0860032B7C2 /* Sources */ = {
			isa = PBXSourcesBuildPhase;
			buildActionMask = 2147483647;
			files = (
				ED301A81281AE0860032B7C2 /* Tests_macOSLaunchTests.swift in Sources */,
				ED301A7F281AE0860032B7C2 /* Tests_macOS.swift in Sources */,
			);
			runOnlyForDeploymentPostprocessing = 0;
		};
/* End PBXSourcesBuildPhase section */

/* Begin PBXTargetDependency section */
		ED301A70281AE0860032B7C2 /* PBXTargetDependency */ = {
			isa = PBXTargetDependency;
			target = ED301A60281AE0860032B7C2 /* StoryUI (iOS) */;
			targetProxy = ED301A6F281AE0860032B7C2 /* PBXContainerItemProxy */;
		};
		ED301A7C281AE0860032B7C2 /* PBXTargetDependency */ = {
			isa = PBXTargetDependency;
			target = ED301A66281AE0860032B7C2 /* StoryUI (macOS) */;
			targetProxy = ED301A7B281AE0860032B7C2 /* PBXContainerItemProxy */;
		};
/* End PBXTargetDependency section */

/* Begin XCBuildConfiguration section */
		ED301A88281AE0860032B7C2 /* Debug */ = {
			isa = XCBuildConfiguration;
			buildSettings = {
				ALWAYS_SEARCH_USER_PATHS = NO;
				CLANG_ANALYZER_NONNULL = YES;
				CLANG_ANALYZER_NUMBER_OBJECT_CONVERSION = YES_AGGRESSIVE;
				CLANG_CXX_LANGUAGE_STANDARD = "gnu++17";
				CLANG_ENABLE_MODULES = YES;
				CLANG_ENABLE_OBJC_ARC = YES;
				CLANG_ENABLE_OBJC_WEAK = YES;
				CLANG_WARN_BLOCK_CAPTURE_AUTORELEASING = YES;
				CLANG_WARN_BOOL_CONVERSION = YES;
				CLANG_WARN_COMMA = YES;
				CLANG_WARN_CONSTANT_CONVERSION = YES;
				CLANG_WARN_DEPRECATED_OBJC_IMPLEMENTATIONS = YES;
				CLANG_WARN_DIRECT_OBJC_ISA_USAGE = YES_ERROR;
				CLANG_WARN_DOCUMENTATION_COMMENTS = YES;
				CLANG_WARN_EMPTY_BODY = YES;
				CLANG_WARN_ENUM_CONVERSION = YES;
				CLANG_WARN_INFINITE_RECURSION = YES;
				CLANG_WARN_INT_CONVERSION = YES;
				CLANG_WARN_NON_LITERAL_NULL_CONVERSION = YES;
				CLANG_WARN_OBJC_IMPLICIT_RETAIN_SELF = YES;
				CLANG_WARN_OBJC_LITERAL_CONVERSION = YES;
				CLANG_WARN_OBJC_ROOT_CLASS = YES_ERROR;
				CLANG_WARN_QUOTED_INCLUDE_IN_FRAMEWORK_HEADER = YES;
				CLANG_WARN_RANGE_LOOP_ANALYSIS = YES;
				CLANG_WARN_STRICT_PROTOTYPES = YES;
				CLANG_WARN_SUSPICIOUS_MOVE = YES;
				CLANG_WARN_UNGUARDED_AVAILABILITY = YES_AGGRESSIVE;
				CLANG_WARN_UNREACHABLE_CODE = YES;
				CLANG_WARN__DUPLICATE_METHOD_MATCH = YES;
				COPY_PHASE_STRIP = NO;
				DEBUG_INFORMATION_FORMAT = dwarf;
				ENABLE_STRICT_OBJC_MSGSEND = YES;
				ENABLE_TESTABILITY = YES;
				GCC_C_LANGUAGE_STANDARD = gnu11;
				GCC_DYNAMIC_NO_PIC = NO;
				GCC_NO_COMMON_BLOCKS = YES;
				GCC_OPTIMIZATION_LEVEL = 0;
				GCC_PREPROCESSOR_DEFINITIONS = (
					"DEBUG=1",
					"$(inherited)",
				);
				GCC_WARN_64_TO_32_BIT_CONVERSION = YES;
				GCC_WARN_ABOUT_RETURN_TYPE = YES_ERROR;
				GCC_WARN_UNDECLARED_SELECTOR = YES;
				GCC_WARN_UNINITIALIZED_AUTOS = YES_AGGRESSIVE;
				GCC_WARN_UNUSED_FUNCTION = YES;
				GCC_WARN_UNUSED_VARIABLE = YES;
				MTL_ENABLE_DEBUG_INFO = INCLUDE_SOURCE;
				MTL_FAST_MATH = YES;
				ONLY_ACTIVE_ARCH = YES;
				SWIFT_ACTIVE_COMPILATION_CONDITIONS = DEBUG;
				SWIFT_OPTIMIZATION_LEVEL = "-Onone";
			};
			name = Debug;
		};
		ED301A89281AE0860032B7C2 /* Release */ = {
			isa = XCBuildConfiguration;
			buildSettings = {
				ALWAYS_SEARCH_USER_PATHS = NO;
				CLANG_ANALYZER_NONNULL = YES;
				CLANG_ANALYZER_NUMBER_OBJECT_CONVERSION = YES_AGGRESSIVE;
				CLANG_CXX_LANGUAGE_STANDARD = "gnu++17";
				CLANG_ENABLE_MODULES = YES;
				CLANG_ENABLE_OBJC_ARC = YES;
				CLANG_ENABLE_OBJC_WEAK = YES;
				CLANG_WARN_BLOCK_CAPTURE_AUTORELEASING = YES;
				CLANG_WARN_BOOL_CONVERSION = YES;
				CLANG_WARN_COMMA = YES;
				CLANG_WARN_CONSTANT_CONVERSION = YES;
				CLANG_WARN_DEPRECATED_OBJC_IMPLEMENTATIONS = YES;
				CLANG_WARN_DIRECT_OBJC_ISA_USAGE = YES_ERROR;
				CLANG_WARN_DOCUMENTATION_COMMENTS = YES;
				CLANG_WARN_EMPTY_BODY = YES;
				CLANG_WARN_ENUM_CONVERSION = YES;
				CLANG_WARN_INFINITE_RECURSION = YES;
				CLANG_WARN_INT_CONVERSION = YES;
				CLANG_WARN_NON_LITERAL_NULL_CONVERSION = YES;
				CLANG_WARN_OBJC_IMPLICIT_RETAIN_SELF = YES;
				CLANG_WARN_OBJC_LITERAL_CONVERSION = YES;
				CLANG_WARN_OBJC_ROOT_CLASS = YES_ERROR;
				CLANG_WARN_QUOTED_INCLUDE_IN_FRAMEWORK_HEADER = YES;
				CLANG_WARN_RANGE_LOOP_ANALYSIS = YES;
				CLANG_WARN_STRICT_PROTOTYPES = YES;
				CLANG_WARN_SUSPICIOUS_MOVE = YES;
				CLANG_WARN_UNGUARDED_AVAILABILITY = YES_AGGRESSIVE;
				CLANG_WARN_UNREACHABLE_CODE = YES;
				CLANG_WARN__DUPLICATE_METHOD_MATCH = YES;
				COPY_PHASE_STRIP = NO;
				DEBUG_INFORMATION_FORMAT = "dwarf-with-dsym";
				ENABLE_NS_ASSERTIONS = NO;
				ENABLE_STRICT_OBJC_MSGSEND = YES;
				GCC_C_LANGUAGE_STANDARD = gnu11;
				GCC_NO_COMMON_BLOCKS = YES;
				GCC_WARN_64_TO_32_BIT_CONVERSION = YES;
				GCC_WARN_ABOUT_RETURN_TYPE = YES_ERROR;
				GCC_WARN_UNDECLARED_SELECTOR = YES;
				GCC_WARN_UNINITIALIZED_AUTOS = YES_AGGRESSIVE;
				GCC_WARN_UNUSED_FUNCTION = YES;
				GCC_WARN_UNUSED_VARIABLE = YES;
				MTL_ENABLE_DEBUG_INFO = NO;
				MTL_FAST_MATH = YES;
				SWIFT_COMPILATION_MODE = wholemodule;
				SWIFT_OPTIMIZATION_LEVEL = "-O";
			};
			name = Release;
		};
		ED301A8B281AE0860032B7C2 /* Debug */ = {
			isa = XCBuildConfiguration;
			buildSettings = {
				ASSETCATALOG_COMPILER_APPICON_NAME = AppIcon;
				ASSETCATALOG_COMPILER_GLOBAL_ACCENT_COLOR_NAME = AccentColor;
				CODE_SIGN_STYLE = Automatic;
				CURRENT_PROJECT_VERSION = 1;
				DEVELOPMENT_TEAM = A4ULMM67DH;
				ENABLE_PREVIEWS = YES;
				GENERATE_INFOPLIST_FILE = YES;
				INFOPLIST_KEY_UIApplicationSceneManifest_Generation = YES;
				INFOPLIST_KEY_UIApplicationSupportsIndirectInputEvents = YES;
				INFOPLIST_KEY_UILaunchScreen_Generation = YES;
				INFOPLIST_KEY_UISupportedInterfaceOrientations_iPad = "UIInterfaceOrientationPortrait UIInterfaceOrientationPortraitUpsideDown UIInterfaceOrientationLandscapeLeft UIInterfaceOrientationLandscapeRight";
				INFOPLIST_KEY_UISupportedInterfaceOrientations_iPhone = "UIInterfaceOrientationPortrait UIInterfaceOrientationLandscapeLeft UIInterfaceOrientationLandscapeRight";
				IPHONEOS_DEPLOYMENT_TARGET = 15.0;
				LD_RUNPATH_SEARCH_PATHS = (
					"$(inherited)",
					"@executable_path/Frameworks",
				);
				MARKETING_VERSION = 1.0;
				PRODUCT_BUNDLE_IDENTIFIER = tolga.StoryUI;
				PRODUCT_NAME = StoryUI;
				SDKROOT = iphoneos;
				SWIFT_EMIT_LOC_STRINGS = YES;
				SWIFT_VERSION = 5.0;
				TARGETED_DEVICE_FAMILY = "1,2";
			};
			name = Debug;
		};
		ED301A8C281AE0860032B7C2 /* Release */ = {
			isa = XCBuildConfiguration;
			buildSettings = {
				ASSETCATALOG_COMPILER_APPICON_NAME = AppIcon;
				ASSETCATALOG_COMPILER_GLOBAL_ACCENT_COLOR_NAME = AccentColor;
				CODE_SIGN_STYLE = Automatic;
				CURRENT_PROJECT_VERSION = 1;
				DEVELOPMENT_TEAM = A4ULMM67DH;
				ENABLE_PREVIEWS = YES;
				GENERATE_INFOPLIST_FILE = YES;
				INFOPLIST_KEY_UIApplicationSceneManifest_Generation = YES;
				INFOPLIST_KEY_UIApplicationSupportsIndirectInputEvents = YES;
				INFOPLIST_KEY_UILaunchScreen_Generation = YES;
				INFOPLIST_KEY_UISupportedInterfaceOrientations_iPad = "UIInterfaceOrientationPortrait UIInterfaceOrientationPortraitUpsideDown UIInterfaceOrientationLandscapeLeft UIInterfaceOrientationLandscapeRight";
				INFOPLIST_KEY_UISupportedInterfaceOrientations_iPhone = "UIInterfaceOrientationPortrait UIInterfaceOrientationLandscapeLeft UIInterfaceOrientationLandscapeRight";
				IPHONEOS_DEPLOYMENT_TARGET = 15.0;
				LD_RUNPATH_SEARCH_PATHS = (
					"$(inherited)",
					"@executable_path/Frameworks",
				);
				MARKETING_VERSION = 1.0;
				PRODUCT_BUNDLE_IDENTIFIER = tolga.StoryUI;
				PRODUCT_NAME = StoryUI;
				SDKROOT = iphoneos;
				SWIFT_EMIT_LOC_STRINGS = YES;
				SWIFT_VERSION = 5.0;
				TARGETED_DEVICE_FAMILY = "1,2";
				VALIDATE_PRODUCT = YES;
			};
			name = Release;
		};
		ED301A8E281AE0860032B7C2 /* Debug */ = {
			isa = XCBuildConfiguration;
			buildSettings = {
				ASSETCATALOG_COMPILER_APPICON_NAME = AppIcon;
				ASSETCATALOG_COMPILER_GLOBAL_ACCENT_COLOR_NAME = AccentColor;
				CODE_SIGN_ENTITLEMENTS = macOS/macOS.entitlements;
				CODE_SIGN_STYLE = Automatic;
				COMBINE_HIDPI_IMAGES = YES;
				CURRENT_PROJECT_VERSION = 1;
				DEVELOPMENT_TEAM = A4ULMM67DH;
				ENABLE_HARDENED_RUNTIME = YES;
				ENABLE_PREVIEWS = YES;
				GENERATE_INFOPLIST_FILE = YES;
				INFOPLIST_KEY_NSHumanReadableCopyright = "";
				LD_RUNPATH_SEARCH_PATHS = (
					"$(inherited)",
					"@executable_path/../Frameworks",
				);
				MACOSX_DEPLOYMENT_TARGET = 12.1;
				MARKETING_VERSION = 1.0;
				PRODUCT_BUNDLE_IDENTIFIER = tolga.StoryUI;
				PRODUCT_NAME = StoryUI;
				SDKROOT = macosx;
				SWIFT_EMIT_LOC_STRINGS = YES;
				SWIFT_VERSION = 5.0;
			};
			name = Debug;
		};
		ED301A8F281AE0860032B7C2 /* Release */ = {
			isa = XCBuildConfiguration;
			buildSettings = {
				ASSETCATALOG_COMPILER_APPICON_NAME = AppIcon;
				ASSETCATALOG_COMPILER_GLOBAL_ACCENT_COLOR_NAME = AccentColor;
				CODE_SIGN_ENTITLEMENTS = macOS/macOS.entitlements;
				CODE_SIGN_STYLE = Automatic;
				COMBINE_HIDPI_IMAGES = YES;
				CURRENT_PROJECT_VERSION = 1;
				DEVELOPMENT_TEAM = A4ULMM67DH;
				ENABLE_HARDENED_RUNTIME = YES;
				ENABLE_PREVIEWS = YES;
				GENERATE_INFOPLIST_FILE = YES;
				INFOPLIST_KEY_NSHumanReadableCopyright = "";
				LD_RUNPATH_SEARCH_PATHS = (
					"$(inherited)",
					"@executable_path/../Frameworks",
				);
				MACOSX_DEPLOYMENT_TARGET = 12.1;
				MARKETING_VERSION = 1.0;
				PRODUCT_BUNDLE_IDENTIFIER = tolga.StoryUI;
				PRODUCT_NAME = StoryUI;
				SDKROOT = macosx;
				SWIFT_EMIT_LOC_STRINGS = YES;
				SWIFT_VERSION = 5.0;
			};
			name = Release;
		};
		ED301A91281AE0860032B7C2 /* Debug */ = {
			isa = XCBuildConfiguration;
			buildSettings = {
				ALWAYS_EMBED_SWIFT_STANDARD_LIBRARIES = YES;
				CODE_SIGN_STYLE = Automatic;
				CURRENT_PROJECT_VERSION = 1;
				DEVELOPMENT_TEAM = A4ULMM67DH;
				GENERATE_INFOPLIST_FILE = YES;
				IPHONEOS_DEPLOYMENT_TARGET = 15.4;
				MARKETING_VERSION = 1.0;
				PRODUCT_BUNDLE_IDENTIFIER = "tolga.Tests-iOS";
				PRODUCT_NAME = "$(TARGET_NAME)";
				SDKROOT = iphoneos;
				SWIFT_EMIT_LOC_STRINGS = NO;
				SWIFT_VERSION = 5.0;
				TARGETED_DEVICE_FAMILY = "1,2";
				TEST_TARGET_NAME = "StoryUI (iOS)";
			};
			name = Debug;
		};
		ED301A92281AE0860032B7C2 /* Release */ = {
			isa = XCBuildConfiguration;
			buildSettings = {
				ALWAYS_EMBED_SWIFT_STANDARD_LIBRARIES = YES;
				CODE_SIGN_STYLE = Automatic;
				CURRENT_PROJECT_VERSION = 1;
				DEVELOPMENT_TEAM = A4ULMM67DH;
				GENERATE_INFOPLIST_FILE = YES;
				IPHONEOS_DEPLOYMENT_TARGET = 15.4;
				MARKETING_VERSION = 1.0;
				PRODUCT_BUNDLE_IDENTIFIER = "tolga.Tests-iOS";
				PRODUCT_NAME = "$(TARGET_NAME)";
				SDKROOT = iphoneos;
				SWIFT_EMIT_LOC_STRINGS = NO;
				SWIFT_VERSION = 5.0;
				TARGETED_DEVICE_FAMILY = "1,2";
				TEST_TARGET_NAME = "StoryUI (iOS)";
				VALIDATE_PRODUCT = YES;
			};
			name = Release;
		};
		ED301A94281AE0860032B7C2 /* Debug */ = {
			isa = XCBuildConfiguration;
			buildSettings = {
				ALWAYS_EMBED_SWIFT_STANDARD_LIBRARIES = YES;
				CODE_SIGN_STYLE = Automatic;
				CURRENT_PROJECT_VERSION = 1;
				DEVELOPMENT_TEAM = A4ULMM67DH;
				GENERATE_INFOPLIST_FILE = YES;
				MACOSX_DEPLOYMENT_TARGET = 12.1;
				MARKETING_VERSION = 1.0;
				PRODUCT_BUNDLE_IDENTIFIER = "tolga.Tests-macOS";
				PRODUCT_NAME = "$(TARGET_NAME)";
				SDKROOT = macosx;
				SWIFT_EMIT_LOC_STRINGS = NO;
				SWIFT_VERSION = 5.0;
				TEST_TARGET_NAME = "StoryUI (macOS)";
			};
			name = Debug;
		};
		ED301A95281AE0860032B7C2 /* Release */ = {
			isa = XCBuildConfiguration;
			buildSettings = {
				ALWAYS_EMBED_SWIFT_STANDARD_LIBRARIES = YES;
				CODE_SIGN_STYLE = Automatic;
				CURRENT_PROJECT_VERSION = 1;
				DEVELOPMENT_TEAM = A4ULMM67DH;
				GENERATE_INFOPLIST_FILE = YES;
				MACOSX_DEPLOYMENT_TARGET = 12.1;
				MARKETING_VERSION = 1.0;
				PRODUCT_BUNDLE_IDENTIFIER = "tolga.Tests-macOS";
				PRODUCT_NAME = "$(TARGET_NAME)";
				SDKROOT = macosx;
				SWIFT_EMIT_LOC_STRINGS = NO;
				SWIFT_VERSION = 5.0;
				TEST_TARGET_NAME = "StoryUI (macOS)";
			};
			name = Release;
		};
/* End XCBuildConfiguration section */

/* Begin XCConfigurationList section */
		ED301A58281AE0840032B7C2 /* Build configuration list for PBXProject "StoryUI" */ = {
			isa = XCConfigurationList;
			buildConfigurations = (
				ED301A88281AE0860032B7C2 /* Debug */,
				ED301A89281AE0860032B7C2 /* Release */,
			);
			defaultConfigurationIsVisible = 0;
			defaultConfigurationName = Release;
		};
		ED301A8A281AE0860032B7C2 /* Build configuration list for PBXNativeTarget "StoryUI (iOS)" */ = {
			isa = XCConfigurationList;
			buildConfigurations = (
				ED301A8B281AE0860032B7C2 /* Debug */,
				ED301A8C281AE0860032B7C2 /* Release */,
			);
			defaultConfigurationIsVisible = 0;
			defaultConfigurationName = Release;
		};
		ED301A8D281AE0860032B7C2 /* Build configuration list for PBXNativeTarget "StoryUI (macOS)" */ = {
			isa = XCConfigurationList;
			buildConfigurations = (
				ED301A8E281AE0860032B7C2 /* Debug */,
				ED301A8F281AE0860032B7C2 /* Release */,
			);
			defaultConfigurationIsVisible = 0;
			defaultConfigurationName = Release;
		};
		ED301A90281AE0860032B7C2 /* Build configuration list for PBXNativeTarget "Tests iOS" */ = {
			isa = XCConfigurationList;
			buildConfigurations = (
				ED301A91281AE0860032B7C2 /* Debug */,
				ED301A92281AE0860032B7C2 /* Release */,
			);
			defaultConfigurationIsVisible = 0;
			defaultConfigurationName = Release;
		};
		ED301A93281AE0860032B7C2 /* Build configuration list for PBXNativeTarget "Tests macOS" */ = {
			isa = XCConfigurationList;
			buildConfigurations = (
				ED301A94281AE0860032B7C2 /* Debug */,
				ED301A95281AE0860032B7C2 /* Release */,
			);
			defaultConfigurationIsVisible = 0;
			defaultConfigurationName = Release;
		};
/* End XCConfigurationList section */
	};
	rootObject = ED301A55281AE0840032B7C2 /* Project object */;
}
